
Microsoft Visual Studio Solution File, Format Version 12.00
# Visual Studio Version 17
VisualStudioVersion = 17.5.002.0
MinimumVisualStudioVersion = 10.0.40219.1
Project("{9A19103F-16F7-4668-BE54-9A1E7A4F7556}") = "CAPSquadron_API", "CAPSquadron_API\CAPSquadron_API.csproj", "{4B8A1624-9CFC-4C01-98D0-DD1A501F0353}"
EndProject
Project("{9A19103F-16F7-4668-BE54-9A1E7A4F7556}") = "CAPSquadron_WebServer", "CAPSquadron_WebServer\CAPSquadron_WebServer.csproj", "{4212D224-3E31-4C21-8FBE-18197D673433}"
EndProject
Project("{9A19103F-16F7-4668-BE54-9A1E7A4F7556}") = "CAPSquadron_Cadet", "CAPSquadron_Cadet\CAPSquadron_Cadet.csproj", "{1D7F8632-F8F0-44C2-9578-99F648633993}"
EndProject
Project("{FAE04EC0-301F-11D3-BF4B-00C04F79EFBC}") = "CAPSquadron_Shared", "CAPSquadron_Shared\CAPSquadron_Shared.csproj", "{7749BA37-4F57-465C-B9A4-04CAD01181FC}"
EndProject
Global
	GlobalSection(SolutionConfigurationPlatforms) = preSolution
		Debug|Any CPU = Debug|Any CPU
		Release|Any CPU = Release|Any CPU
	EndGlobalSection
	GlobalSection(ProjectConfigurationPlatforms) = postSolution
		{4B8A1624-9CFC-4C01-98D0-DD1A501F0353}.Debug|Any CPU.ActiveCfg = Debug|Any CPU
		{4B8A1624-9CFC-4C01-98D0-DD1A501F0353}.Debug|Any CPU.Build.0 = Debug|Any CPU
		{4B8A1624-9CFC-4C01-98D0-DD1A501F0353}.Release|Any CPU.ActiveCfg = Release|Any CPU
		{4B8A1624-9CFC-4C01-98D0-DD1A501F0353}.Release|Any CPU.Build.0 = Release|Any CPU
		{4212D224-3E31-4C21-8FBE-18197D673433}.Debug|Any CPU.ActiveCfg = Debug|Any CPU
		{4212D224-3E31-4C21-8FBE-18197D673433}.Debug|Any CPU.Build.0 = Debug|Any CPU
		{4212D224-3E31-4C21-8FBE-18197D673433}.Release|Any CPU.ActiveCfg = Release|Any CPU
		{4212D224-3E31-4C21-8FBE-18197D673433}.Release|Any CPU.Build.0 = Release|Any CPU
		{1D7F8632-F8F0-44C2-9578-99F648633993}.Debug|Any CPU.ActiveCfg = Debug|Any CPU
		{1D7F8632-F8F0-44C2-9578-99F648633993}.Debug|Any CPU.Build.0 = Debug|Any CPU
		{1D7F8632-F8F0-44C2-9578-99F648633993}.Release|Any CPU.ActiveCfg = Release|Any CPU
		{1D7F8632-F8F0-44C2-9578-99F648633993}.Release|Any CPU.Build.0 = Release|Any CPU
		{7749BA37-4F57-465C-B9A4-04CAD01181FC}.Debug|Any CPU.ActiveCfg = Debug|Any CPU
		{7749BA37-4F57-465C-B9A4-04CAD01181FC}.Debug|Any CPU.Build.0 = Debug|Any CPU
		{7749BA37-4F57-465C-B9A4-04CAD01181FC}.Release|Any CPU.ActiveCfg = Release|Any CPU
		{7749BA37-4F57-465C-B9A4-04CAD01181FC}.Release|Any CPU.Build.0 = Release|Any CPU
	EndGlobalSection
	GlobalSection(SolutionProperties) = preSolution
		HideSolutionNode = FALSE
	EndGlobalSection
	GlobalSection(ExtensibilityGlobals) = postSolution
		SolutionGuid = {70EFCA97-169C-409B-BF9B-6DD39FDF9132}
	EndGlobalSection
EndGlobal
